// !$*UTF8*$!
{
	archiveVersion = 1;
	classes = {
	};
	objectVersion = 77;
	objects = {

/* Begin PBXBuildFile section */
		353D19164516D53B9D869367 /* Pods_MyContacts.framework in Frameworks */ = {isa = PBXBuildFile; fileRef = 7D4B6E48DC3BCDCC5D1EC0B2 /* Pods_MyContacts.framework */; };
		9709D38B04E7C2B5814F53A1 /* Pods_MyContactsTests.framework in Frameworks */ = {isa = PBXBuildFile; fileRef = D36570E1C0A0DDD5F6E15CB0 /* Pods_MyContactsTests.framework */; };
		E5F833C67CD6BB0194C14CA9 /* Pods_MyContacts_MyContactsUITests.framework in Frameworks */ = {isa = PBXBuildFile; fileRef = 7671BDE32DFCB11E02F910CA /* Pods_MyContacts_MyContactsUITests.framework */; };
/* End PBXBuildFile section */

/* Begin PBXContainerItemProxy section */
		B44687852CE9B5E3009F3964 /* PBXContainerItemProxy */ = {
			isa = PBXContainerItemProxy;
			containerPortal = B44687662CE9B5E1009F3964 /* Project object */;
			proxyType = 1;
			remoteGlobalIDString = B446876D2CE9B5E1009F3964;
			remoteInfo = MyContacts;
		};
		B446878F2CE9B5E3009F3964 /* PBXContainerItemProxy */ = {
			isa = PBXContainerItemProxy;
			containerPortal = B44687662CE9B5E1009F3964 /* Project object */;
			proxyType = 1;
			remoteGlobalIDString = B446876D2CE9B5E1009F3964;
			remoteInfo = MyContacts;
		};
/* End PBXContainerItemProxy section */

/* Begin PBXFileReference section */
		02E6BAEA352CF538DC65CC15 /* Pods-MyContacts-MyContactsUITests.release.xcconfig */ = {isa = PBXFileReference; includeInIndex = 1; lastKnownFileType = text.xcconfig; name = "Pods-MyContacts-MyContactsUITests.release.xcconfig"; path = "Target Support Files/Pods-MyContacts-MyContactsUITests/Pods-MyContacts-MyContactsUITests.release.xcconfig"; sourceTree = "<group>"; };
		204A68C4F3CCB8B6BD09D140 /* Pods-MyContactsTests.release.xcconfig */ = {isa = PBXFileReference; includeInIndex = 1; lastKnownFileType = text.xcconfig; name = "Pods-MyContactsTests.release.xcconfig"; path = "Target Support Files/Pods-MyContactsTests/Pods-MyContactsTests.release.xcconfig"; sourceTree = "<group>"; };
		6317862AA2F4DE02F1DBE782 /* Pods-MyContacts-MyContactsUITests.debug.xcconfig */ = {isa = PBXFileReference; includeInIndex = 1; lastKnownFileType = text.xcconfig; name = "Pods-MyContacts-MyContactsUITests.debug.xcconfig"; path = "Target Support Files/Pods-MyContacts-MyContactsUITests/Pods-MyContacts-MyContactsUITests.debug.xcconfig"; sourceTree = "<group>"; };
		7671BDE32DFCB11E02F910CA /* Pods_MyContacts_MyContactsUITests.framework */ = {isa = PBXFileReference; explicitFileType = wrapper.framework; includeInIndex = 0; path = Pods_MyContacts_MyContactsUITests.framework; sourceTree = BUILT_PRODUCTS_DIR; };
		7D4B6E48DC3BCDCC5D1EC0B2 /* Pods_MyContacts.framework */ = {isa = PBXFileReference; explicitFileType = wrapper.framework; includeInIndex = 0; path = Pods_MyContacts.framework; sourceTree = BUILT_PRODUCTS_DIR; };
		8D46C54B6647499F9775FF4A /* Pods-MyContactsTests.debug.xcconfig */ = {isa = PBXFileReference; includeInIndex = 1; lastKnownFileType = text.xcconfig; name = "Pods-MyContactsTests.debug.xcconfig"; path = "Target Support Files/Pods-MyContactsTests/Pods-MyContactsTests.debug.xcconfig"; sourceTree = "<group>"; };
		B446876E2CE9B5E1009F3964 /* MyContacts.app */ = {isa = PBXFileReference; explicitFileType = wrapper.application; includeInIndex = 0; path = MyContacts.app; sourceTree = BUILT_PRODUCTS_DIR; };
		B44687842CE9B5E3009F3964 /* MyContactsTests.xctest */ = {isa = PBXFileReference; explicitFileType = wrapper.cfbundle; includeInIndex = 0; path = MyContactsTests.xctest; sourceTree = BUILT_PRODUCTS_DIR; };
		B446878E2CE9B5E3009F3964 /* MyContactsUITests.xctest */ = {isa = PBXFileReference; explicitFileType = wrapper.cfbundle; includeInIndex = 0; path = MyContactsUITests.xctest; sourceTree = BUILT_PRODUCTS_DIR; };
		D36570E1C0A0DDD5F6E15CB0 /* Pods_MyContactsTests.framework */ = {isa = PBXFileReference; explicitFileType = wrapper.framework; includeInIndex = 0; path = Pods_MyContactsTests.framework; sourceTree = BUILT_PRODUCTS_DIR; };
		EF8FB4D0C0D0EA87C689429E /* Pods-MyContacts.debug.xcconfig */ = {isa = PBXFileReference; includeInIndex = 1; lastKnownFileType = text.xcconfig; name = "Pods-MyContacts.debug.xcconfig"; path = "Target Support Files/Pods-MyContacts/Pods-MyContacts.debug.xcconfig"; sourceTree = "<group>"; };
		FD92E6D6BE775994621B2281 /* Pods-MyContacts.release.xcconfig */ = {isa = PBXFileReference; includeInIndex = 1; lastKnownFileType = text.xcconfig; name = "Pods-MyContacts.release.xcconfig"; path = "Target Support Files/Pods-MyContacts/Pods-MyContacts.release.xcconfig"; sourceTree = "<group>"; };
/* End PBXFileReference section */

/* Begin PBXFileSystemSynchronizedBuildFileExceptionSet section */
		B44687962CE9B5E3009F3964 /* Exceptions for "MyContacts" folder in "MyContacts" target */ = {
			isa = PBXFileSystemSynchronizedBuildFileExceptionSet;
			membershipExceptions = (
				Info.plist,
			);
			target = B446876D2CE9B5E1009F3964 /* MyContacts */;
		};
/* End PBXFileSystemSynchronizedBuildFileExceptionSet section */

/* Begin PBXFileSystemSynchronizedRootGroup section */
		B44687702CE9B5E1009F3964 /* MyContacts */ = {
			isa = PBXFileSystemSynchronizedRootGroup;
			exceptions = (
				B44687962CE9B5E3009F3964 /* Exceptions for "MyContacts" folder in "MyContacts" target */,
			);
			path = MyContacts;
			sourceTree = "<group>";
		};
		B44687872CE9B5E3009F3964 /* MyContactsTests */ = {
			isa = PBXFileSystemSynchronizedRootGroup;
			path = MyContactsTests;
			sourceTree = "<group>";
		};
		B44687912CE9B5E3009F3964 /* MyContactsUITests */ = {
			isa = PBXFileSystemSynchronizedRootGroup;
			path = MyContactsUITests;
			sourceTree = "<group>";
		};
/* End PBXFileSystemSynchronizedRootGroup section */

/* Begin PBXFrameworksBuildPhase section */
		B446876B2CE9B5E1009F3964 /* Frameworks */ = {
			isa = PBXFrameworksBuildPhase;
			buildActionMask = 2147483647;
			files = (
				353D19164516D53B9D869367 /* Pods_MyContacts.framework in Frameworks */,
			);
			runOnlyForDeploymentPostprocessing = 0;
		};
		B44687812CE9B5E3009F3964 /* Frameworks */ = {
			isa = PBXFrameworksBuildPhase;
			buildActionMask = 2147483647;
			files = (
				9709D38B04E7C2B5814F53A1 /* Pods_MyContactsTests.framework in Frameworks */,
			);
			runOnlyForDeploymentPostprocessing = 0;
		};
		B446878B2CE9B5E3009F3964 /* Frameworks */ = {
			isa = PBXFrameworksBuildPhase;
			buildActionMask = 2147483647;
			files = (
				E5F833C67CD6BB0194C14CA9 /* Pods_MyContacts_MyContactsUITests.framework in Frameworks */,
			);
			runOnlyForDeploymentPostprocessing = 0;
		};
/* End PBXFrameworksBuildPhase section */

/* Begin PBXGroup section */
		175158F119104294C37CF37D /* Pods */ = {
			isa = PBXGroup;
			children = (
				EF8FB4D0C0D0EA87C689429E /* Pods-MyContacts.debug.xcconfig */,
				FD92E6D6BE775994621B2281 /* Pods-MyContacts.release.xcconfig */,
				6317862AA2F4DE02F1DBE782 /* Pods-MyContacts-MyContactsUITests.debug.xcconfig */,
				02E6BAEA352CF538DC65CC15 /* Pods-MyContacts-MyContactsUITests.release.xcconfig */,
				8D46C54B6647499F9775FF4A /* Pods-MyContactsTests.debug.xcconfig */,
				204A68C4F3CCB8B6BD09D140 /* Pods-MyContactsTests.release.xcconfig */,
			);
			path = Pods;
			sourceTree = "<group>";
		};
		B44687652CE9B5E1009F3964 = {
			isa = PBXGroup;
			children = (
				B44687702CE9B5E1009F3964 /* MyContacts */,
				B44687872CE9B5E3009F3964 /* MyContactsTests */,
				B44687912CE9B5E3009F3964 /* MyContactsUITests */,
				B446876F2CE9B5E1009F3964 /* Products */,
				175158F119104294C37CF37D /* Pods */,
				F0E34C63E05712B4A8AEF3F8 /* Frameworks */,
			);
			sourceTree = "<group>";
		};
		B446876F2CE9B5E1009F3964 /* Products */ = {
			isa = PBXGroup;
			children = (
				B446876E2CE9B5E1009F3964 /* MyContacts.app */,
				B44687842CE9B5E3009F3964 /* MyContactsTests.xctest */,
				B446878E2CE9B5E3009F3964 /* MyContactsUITests.xctest */,
			);
			name = Products;
			sourceTree = "<group>";
		};
		F0E34C63E05712B4A8AEF3F8 /* Frameworks */ = {
			isa = PBXGroup;
			children = (
				7D4B6E48DC3BCDCC5D1EC0B2 /* Pods_MyContacts.framework */,
				7671BDE32DFCB11E02F910CA /* Pods_MyContacts_MyContactsUITests.framework */,
				D36570E1C0A0DDD5F6E15CB0 /* Pods_MyContactsTests.framework */,
			);
			name = Frameworks;
			sourceTree = "<group>";
		};
/* End PBXGroup section */

/* Begin PBXNativeTarget section */
		B446876D2CE9B5E1009F3964 /* MyContacts */ = {
			isa = PBXNativeTarget;
			buildConfigurationList = B44687972CE9B5E3009F3964 /* Build configuration list for PBXNativeTarget "MyContacts" */;
			buildPhases = (
				C54B4685AB29E5CE42D3B42C /* [CP] Check Pods Manifest.lock */,
				B446876A2CE9B5E1009F3964 /* Sources */,
				B446876B2CE9B5E1009F3964 /* Frameworks */,
				B446876C2CE9B5E1009F3964 /* Resources */,
				02917A0569A02AA878C667D4 /* [CP] Embed Pods Frameworks */,
			);
			buildRules = (
			);
			dependencies = (
			);
			fileSystemSynchronizedGroups = (
				B44687702CE9B5E1009F3964 /* MyContacts */,
			);
			name = MyContacts;
			productName = MyContacts;
			productReference = B446876E2CE9B5E1009F3964 /* MyContacts.app */;
			productType = "com.apple.product-type.application";
		};
		B44687832CE9B5E3009F3964 /* MyContactsTests */ = {
			isa = PBXNativeTarget;
			buildConfigurationList = B446879C2CE9B5E3009F3964 /* Build configuration list for PBXNativeTarget "MyContactsTests" */;
			buildPhases = (
				2334C103EA6A8635DD4B1243 /* [CP] Check Pods Manifest.lock */,
				B44687802CE9B5E3009F3964 /* Sources */,
				B44687812CE9B5E3009F3964 /* Frameworks */,
				B44687822CE9B5E3009F3964 /* Resources */,
			);
			buildRules = (
			);
			dependencies = (
				B44687862CE9B5E3009F3964 /* PBXTargetDependency */,
			);
			fileSystemSynchronizedGroups = (
				B44687872CE9B5E3009F3964 /* MyContactsTests */,
			);
			name = MyContactsTests;
			productName = MyContactsTests;
			productReference = B44687842CE9B5E3009F3964 /* MyContactsTests.xctest */;
			productType = "com.apple.product-type.bundle.unit-test";
		};
		B446878D2CE9B5E3009F3964 /* MyContactsUITests */ = {
			isa = PBXNativeTarget;
			buildConfigurationList = B446879F2CE9B5E3009F3964 /* Build configuration list for PBXNativeTarget "MyContactsUITests" */;
			buildPhases = (
				954FAEC49A4B7D60BC996A56 /* [CP] Check Pods Manifest.lock */,
				B446878A2CE9B5E3009F3964 /* Sources */,
				B446878B2CE9B5E3009F3964 /* Frameworks */,
				B446878C2CE9B5E3009F3964 /* Resources */,
				C7AA9C83BE22E807FA484BF4 /* [CP] Embed Pods Frameworks */,
			);
			buildRules = (
			);
			dependencies = (
				B44687902CE9B5E3009F3964 /* PBXTargetDependency */,
			);
			fileSystemSynchronizedGroups = (
				B44687912CE9B5E3009F3964 /* MyContactsUITests */,
			);
			name = MyContactsUITests;
			productName = MyContactsUITests;
			productReference = B446878E2CE9B5E3009F3964 /* MyContactsUITests.xctest */;
			productType = "com.apple.product-type.bundle.ui-testing";
		};
/* End PBXNativeTarget section */

/* Begin PBXProject section */
		B44687662CE9B5E1009F3964 /* Project object */ = {
			isa = PBXProject;
			attributes = {
				BuildIndependentTargetsInParallel = 1;
				LastSwiftUpdateCheck = 1610;
				LastUpgradeCheck = 1610;
				TargetAttributes = {
					B446876D2CE9B5E1009F3964 = {
						CreatedOnToolsVersion = 16.1;
					};
					B44687832CE9B5E3009F3964 = {
						CreatedOnToolsVersion = 16.1;
						TestTargetID = B446876D2CE9B5E1009F3964;
					};
					B446878D2CE9B5E3009F3964 = {
						CreatedOnToolsVersion = 16.1;
						TestTargetID = B446876D2CE9B5E1009F3964;
					};
				};
			};
			buildConfigurationList = B44687692CE9B5E1009F3964 /* Build configuration list for PBXProject "MyContacts" */;
			developmentRegion = en;
			hasScannedForEncodings = 0;
			knownRegions = (
				en,
				Base,
			);
			mainGroup = B44687652CE9B5E1009F3964;
			minimizedProjectReferenceProxies = 1;
			preferredProjectObjectVersion = 77;
			productRefGroup = B446876F2CE9B5E1009F3964 /* Products */;
			projectDirPath = "";
			projectRoot = "";
			targets = (
				B446876D2CE9B5E1009F3964 /* MyContacts */,
				B44687832CE9B5E3009F3964 /* MyContactsTests */,
				B446878D2CE9B5E3009F3964 /* MyContactsUITests */,
			);
		};
/* End PBXProject section */

/* Begin PBXResourcesBuildPhase section */
		B446876C2CE9B5E1009F3964 /* Resources */ = {
			isa = PBXResourcesBuildPhase;
			buildActionMask = 2147483647;
			files = (
			);
			runOnlyForDeploymentPostprocessing = 0;
		};
		B44687822CE9B5E3009F3964 /* Resources */ = {
			isa = PBXResourcesBuildPhase;
			buildActionMask = 2147483647;
			files = (
			);
			runOnlyForDeploymentPostprocessing = 0;
		};
		B446878C2CE9B5E3009F3964 /* Resources */ = {
			isa = PBXResourcesBuildPhase;
			buildActionMask = 2147483647;
			files = (
			);
			runOnlyForDeploymentPostprocessing = 0;
		};
/* End PBXResourcesBuildPhase section */

/* Begin PBXShellScriptBuildPhase section */
		02917A0569A02AA878C667D4 /* [CP] Embed Pods Frameworks */ = {
			isa = PBXShellScriptBuildPhase;
			buildActionMask = 2147483647;
			files = (
			);
			inputFileListPaths = (
				"${PODS_ROOT}/Target Support Files/Pods-MyContacts/Pods-MyContacts-frameworks-${CONFIGURATION}-input-files.xcfilelist",
			);
			name = "[CP] Embed Pods Frameworks";
			outputFileListPaths = (
				"${PODS_ROOT}/Target Support Files/Pods-MyContacts/Pods-MyContacts-frameworks-${CONFIGURATION}-output-files.xcfilelist",
			);
			runOnlyForDeploymentPostprocessing = 0;
			shellPath = /bin/sh;
			shellScript = "\"${PODS_ROOT}/Target Support Files/Pods-MyContacts/Pods-MyContacts-frameworks.sh\"\n";
			showEnvVarsInLog = 0;
		};
		2334C103EA6A8635DD4B1243 /* [CP] Check Pods Manifest.lock */ = {
			isa = PBXShellScriptBuildPhase;
			buildActionMask = 2147483647;
			files = (
			);
			inputFileListPaths = (
			);
			inputPaths = (
				"${PODS_PODFILE_DIR_PATH}/Podfile.lock",
				"${PODS_ROOT}/Manifest.lock",
			);
			name = "[CP] Check Pods Manifest.lock";
			outputFileListPaths = (
			);
			outputPaths = (
				"$(DERIVED_FILE_DIR)/Pods-MyContactsTests-checkManifestLockResult.txt",
			);
			runOnlyForDeploymentPostprocessing = 0;
			shellPath = /bin/sh;
			shellScript = "diff \"${PODS_PODFILE_DIR_PATH}/Podfile.lock\" \"${PODS_ROOT}/Manifest.lock\" > /dev/null\nif [ $? != 0 ] ; then\n    # print error to STDERR\n    echo \"error: The sandbox is not in sync with the Podfile.lock. Run 'pod install' or update your CocoaPods installation.\" >&2\n    exit 1\nfi\n# This output is used by Xcode 'outputs' to avoid re-running this script phase.\necho \"SUCCESS\" > \"${SCRIPT_OUTPUT_FILE_0}\"\n";
			showEnvVarsInLog = 0;
		};
		954FAEC49A4B7D60BC996A56 /* [CP] Check Pods Manifest.lock */ = {
			isa = PBXShellScriptBuildPhase;
			buildActionMask = 2147483647;
			files = (
			);
			inputFileListPaths = (
			);
			inputPaths = (
				"${PODS_PODFILE_DIR_PATH}/Podfile.lock",
				"${PODS_ROOT}/Manifest.lock",
			);
			name = "[CP] Check Pods Manifest.lock";
			outputFileListPaths = (
			);
			outputPaths = (
				"$(DERIVED_FILE_DIR)/Pods-MyContacts-MyContactsUITests-checkManifestLockResult.txt",
			);
			runOnlyForDeploymentPostprocessing = 0;
			shellPath = /bin/sh;
			shellScript = "diff \"${PODS_PODFILE_DIR_PATH}/Podfile.lock\" \"${PODS_ROOT}/Manifest.lock\" > /dev/null\nif [ $? != 0 ] ; then\n    # print error to STDERR\n    echo \"error: The sandbox is not in sync with the Podfile.lock. Run 'pod install' or update your CocoaPods installation.\" >&2\n    exit 1\nfi\n# This output is used by Xcode 'outputs' to avoid re-running this script phase.\necho \"SUCCESS\" > \"${SCRIPT_OUTPUT_FILE_0}\"\n";
			showEnvVarsInLog = 0;
		};
		C54B4685AB29E5CE42D3B42C /* [CP] Check Pods Manifest.lock */ = {
			isa = PBXShellScriptBuildPhase;
			buildActionMask = 2147483647;
			files = (
			);
			inputFileListPaths = (
			);
			inputPaths = (
				"${PODS_PODFILE_DIR_PATH}/Podfile.lock",
				"${PODS_ROOT}/Manifest.lock",
			);
			name = "[CP] Check Pods Manifest.lock";
			outputFileListPaths = (
			);
			outputPaths = (
				"$(DERIVED_FILE_DIR)/Pods-MyContacts-checkManifestLockResult.txt",
			);
			runOnlyForDeploymentPostprocessing = 0;
			shellPath = /bin/sh;
			shellScript = "diff \"${PODS_PODFILE_DIR_PATH}/Podfile.lock\" \"${PODS_ROOT}/Manifest.lock\" > /dev/null\nif [ $? != 0 ] ; then\n    # print error to STDERR\n    echo \"error: The sandbox is not in sync with the Podfile.lock. Run 'pod install' or update your CocoaPods installation.\" >&2\n    exit 1\nfi\n# This output is used by Xcode 'outputs' to avoid re-running this script phase.\necho \"SUCCESS\" > \"${SCRIPT_OUTPUT_FILE_0}\"\n";
			showEnvVarsInLog = 0;
		};
		C7AA9C83BE22E807FA484BF4 /* [CP] Embed Pods Frameworks */ = {
			isa = PBXShellScriptBuildPhase;
			buildActionMask = 2147483647;
			files = (
			);
			inputFileListPaths = (
				"${PODS_ROOT}/Target Support Files/Pods-MyContacts-MyContactsUITests/Pods-MyContacts-MyContactsUITests-frameworks-${CONFIGURATION}-input-files.xcfilelist",
			);
			name = "[CP] Embed Pods Frameworks";
			outputFileListPaths = (
				"${PODS_ROOT}/Target Support Files/Pods-MyContacts-MyContactsUITests/Pods-MyContacts-MyContactsUITests-frameworks-${CONFIGURATION}-output-files.xcfilelist",
			);
			runOnlyForDeploymentPostprocessing = 0;
			shellPath = /bin/sh;
			shellScript = "\"${PODS_ROOT}/Target Support Files/Pods-MyContacts-MyContactsUITests/Pods-MyContacts-MyContactsUITests-frameworks.sh\"\n";
			showEnvVarsInLog = 0;
		};
/* End PBXShellScriptBuildPhase section */

/* Begin PBXSourcesBuildPhase section */
		B446876A2CE9B5E1009F3964 /* Sources */ = {
			isa = PBXSourcesBuildPhase;
			buildActionMask = 2147483647;
			files = (
			);
			runOnlyForDeploymentPostprocessing = 0;
		};
		B44687802CE9B5E3009F3964 /* Sources */ = {
			isa = PBXSourcesBuildPhase;
			buildActionMask = 2147483647;
			files = (
			);
			runOnlyForDeploymentPostprocessing = 0;
		};
		B446878A2CE9B5E3009F3964 /* Sources */ = {
			isa = PBXSourcesBuildPhase;
			buildActionMask = 2147483647;
			files = (
			);
			runOnlyForDeploymentPostprocessing = 0;
		};
/* End PBXSourcesBuildPhase section */

/* Begin PBXTargetDependency section */
		B44687862CE9B5E3009F3964 /* PBXTargetDependency */ = {
			isa = PBXTargetDependency;
			target = B446876D2CE9B5E1009F3964 /* MyContacts */;
			targetProxy = B44687852CE9B5E3009F3964 /* PBXContainerItemProxy */;
		};
		B44687902CE9B5E3009F3964 /* PBXTargetDependency */ = {
			isa = PBXTargetDependency;
			target = B446876D2CE9B5E1009F3964 /* MyContacts */;
			targetProxy = B446878F2CE9B5E3009F3964 /* PBXContainerItemProxy */;
		};
/* End PBXTargetDependency section */

/* Begin XCBuildConfiguration section */
		B44687982CE9B5E3009F3964 /* Debug */ = {
			isa = XCBuildConfiguration;
			baseConfigurationReference = EF8FB4D0C0D0EA87C689429E /* Pods-MyContacts.debug.xcconfig */;
			buildSettings = {
				ASSETCATALOG_COMPILER_APPICON_NAME = AppIcon;
				ASSETCATALOG_COMPILER_GLOBAL_ACCENT_COLOR_NAME = AccentColor;
				CODE_SIGN_STYLE = Automatic;
				CURRENT_PROJECT_VERSION = 1;
				ENABLE_USER_SCRIPT_SANDBOXING = NO;
				GENERATE_INFOPLIST_FILE = YES;
				INFOPLIST_FILE = MyContacts/Info.plist;
				INFOPLIST_KEY_UIApplicationSupportsIndirectInputEvents = YES;
				INFOPLIST_KEY_UILaunchStoryboardName = LaunchScreen;
				INFOPLIST_KEY_UIMainStoryboardFile = Main;
				INFOPLIST_KEY_UISupportedInterfaceOrientations_iPad = "UIInterfaceOrientationPortrait UIInterfaceOrientationPortraitUpsideDown UIInterfaceOrientationLandscapeLeft UIInterfaceOrientationLandscapeRight";
				INFOPLIST_KEY_UISupportedInterfaceOrientations_iPhone = "UIInterfaceOrientationPortrait UIInterfaceOrientationLandscapeLeft UIInterfaceOrientationLandscapeRight";
				LD_RUNPATH_SEARCH_PATHS = (
					"$(inherited)",
					"@executable_path/Frameworks",
				);
				MARKETING_VERSION = 1.0;
				PRODUCT_BUNDLE_IDENTIFIER = mantosh.MyContacts;
				PRODUCT_NAME = "$(TARGET_NAME)";
				SWIFT_EMIT_LOC_STRINGS = YES;
				SWIFT_VERSION = 5.0;
				TARGETED_DEVICE_FAMILY = "1,2";
			};
			name = Debug;
		};
		B44687992CE9B5E3009F3964 /* Release */ = {
			isa = XCBuildConfiguration;
			baseConfigurationReference = FD92E6D6BE775994621B2281 /* Pods-MyContacts.release.xcconfig */;
			buildSettings = {
				ASSETCATALOG_COMPILER_APPICON_NAME = AppIcon;
				ASSETCATALOG_COMPILER_GLOBAL_ACCENT_COLOR_NAME = AccentColor;
				CODE_SIGN_STYLE = Automatic;
				CURRENT_PROJECT_VERSION = 1;
				ENABLE_USER_SCRIPT_SANDBOXING = NO;
				GENERATE_INFOPLIST_FILE = YES;
				INFOPLIST_FILE = MyContacts/Info.plist;
				INFOPLIST_KEY_UIApplicationSupportsIndirectInputEvents = YES;
				INFOPLIST_KEY_UILaunchStoryboardName = LaunchScreen;
				INFOPLIST_KEY_UIMainStoryboardFile = Main;
				INFOPLIST_KEY_UISupportedInterfaceOrientations_iPad = "UIInterfaceOrientationPortrait UIInterfaceOrientationPortraitUpsideDown UIInterfaceOrientationLandscapeLeft UIInterfaceOrientationLandscapeRight";
				INFOPLIST_KEY_UISupportedInterfaceOrientations_iPhone = "UIInterfaceOrientationPortrait UIInterfaceOrientationLandscapeLeft UIInterfaceOrientationLandscapeRight";
				LD_RUNPATH_SEARCH_PATHS = (
					"$(inherited)",
					"@executable_path/Frameworks",
				);
				MARKETING_VERSION = 1.0;
				PRODUCT_BUNDLE_IDENTIFIER = mantosh.MyContacts;
				PRODUCT_NAME = "$(TARGET_NAME)";
				SWIFT_EMIT_LOC_STRINGS = YES;
				SWIFT_VERSION = 5.0;
				TARGETED_DEVICE_FAMILY = "1,2";
			};
			name = Release;
		};
		B446879A2CE9B5E3009F3964 /* Debug */ = {
			isa = XCBuildConfiguration;
			buildSettings = {
				ALWAYS_SEARCH_USER_PATHS = NO;
				ASSETCATALOG_COMPILER_GENERATE_SWIFT_ASSET_SYMBOL_EXTENSIONS = YES;
				CLANG_ANALYZER_NONNULL = YES;
				CLANG_ANALYZER_NUMBER_OBJECT_CONVERSION = YES_AGGRESSIVE;
				CLANG_CXX_LANGUAGE_STANDARD = "gnu++20";
				CLANG_ENABLE_MODULES = YES;
				CLANG_ENABLE_OBJC_ARC = YES;
				CLANG_ENABLE_OBJC_WEAK = YES;
				CLANG_WARN_BLOCK_CAPTURE_AUTORELEASING = YES;
				CLANG_WARN_BOOL_CONVERSION = YES;
				CLANG_WARN_COMMA = YES;
				CLANG_WARN_CONSTANT_CONVERSION = YES;
				CLANG_WARN_DEPRECATED_OBJC_IMPLEMENTATIONS = YES;
				CLANG_WARN_DIRECT_OBJC_ISA_USAGE = YES_ERROR;
				CLANG_WARN_DOCUMENTATION_COMMENTS = YES;
				CLANG_WARN_EMPTY_BODY = YES;
				CLANG_WARN_ENUM_CONVERSION = YES;
				CLANG_WARN_INFINITE_RECURSION = YES;
				CLANG_WARN_INT_CONVERSION = YES;
				CLANG_WARN_NON_LITERAL_NULL_CONVERSION = YES;
				CLANG_WARN_OBJC_IMPLICIT_RETAIN_SELF = YES;
				CLANG_WARN_OBJC_LITERAL_CONVERSION = YES;
				CLANG_WARN_OBJC_ROOT_CLASS = YES_ERROR;
				CLANG_WARN_QUOTED_INCLUDE_IN_FRAMEWORK_HEADER = YES;
				CLANG_WARN_RANGE_LOOP_ANALYSIS = YES;
				CLANG_WARN_STRICT_PROTOTYPES = YES;
				CLANG_WARN_SUSPICIOUS_MOVE = YES;
				CLANG_WARN_UNGUARDED_AVAILABILITY = YES_AGGRESSIVE;
				CLANG_WARN_UNREACHABLE_CODE = YES;
				CLANG_WARN__DUPLICATE_METHOD_MATCH = YES;
				COPY_PHASE_STRIP = NO;
				DEBUG_INFORMATION_FORMAT = dwarf;
				ENABLE_STRICT_OBJC_MSGSEND = YES;
				ENABLE_TESTABILITY = YES;
				ENABLE_USER_SCRIPT_SANDBOXING = YES;
				GCC_C_LANGUAGE_STANDARD = gnu17;
				GCC_DYNAMIC_NO_PIC = NO;
				GCC_NO_COMMON_BLOCKS = YES;
				GCC_OPTIMIZATION_LEVEL = 0;
				GCC_PREPROCESSOR_DEFINITIONS = (
					"DEBUG=1",
					"$(inherited)",
				);
				GCC_WARN_64_TO_32_BIT_CONVERSION = YES;
				GCC_WARN_ABOUT_RETURN_TYPE = YES_ERROR;
				GCC_WARN_UNDECLARED_SELECTOR = YES;
				GCC_WARN_UNINITIALIZED_AUTOS = YES_AGGRESSIVE;
				GCC_WARN_UNUSED_FUNCTION = YES;
				GCC_WARN_UNUSED_VARIABLE = YES;
				IPHONEOS_DEPLOYMENT_TARGET = 18.1;
				LOCALIZATION_PREFERS_STRING_CATALOGS = YES;
				MTL_ENABLE_DEBUG_INFO = INCLUDE_SOURCE;
				MTL_FAST_MATH = YES;
				ONLY_ACTIVE_ARCH = YES;
				SDKROOT = iphoneos;
				SWIFT_ACTIVE_COMPILATION_CONDITIONS = "DEBUG $(inherited)";
				SWIFT_OPTIMIZATION_LEVEL = "-Onone";
			};
			name = Debug;
		};
		B446879B2CE9B5E3009F3964 /* Release */ = {
			isa = XCBuildConfiguration;
			buildSettings = {
				ALWAYS_SEARCH_USER_PATHS = NO;
				ASSETCATALOG_COMPILER_GENERATE_SWIFT_ASSET_SYMBOL_EXTENSIONS = YES;
				CLANG_ANALYZER_NONNULL = YES;
				CLANG_ANALYZER_NUMBER_OBJECT_CONVERSION = YES_AGGRESSIVE;
				CLANG_CXX_LANGUAGE_STANDARD = "gnu++20";
				CLANG_ENABLE_MODULES = YES;
				CLANG_ENABLE_OBJC_ARC = YES;
				CLANG_ENABLE_OBJC_WEAK = YES;
				CLANG_WARN_BLOCK_CAPTURE_AUTORELEASING = YES;
				CLANG_WARN_BOOL_CONVERSION = YES;
				CLANG_WARN_COMMA = YES;
				CLANG_WARN_CONSTANT_CONVERSION = YES;
				CLANG_WARN_DEPRECATED_OBJC_IMPLEMENTATIONS = YES;
				CLANG_WARN_DIRECT_OBJC_ISA_USAGE = YES_ERROR;
				CLANG_WARN_DOCUMENTATION_COMMENTS = YES;
				CLANG_WARN_EMPTY_BODY = YES;
				CLANG_WARN_ENUM_CONVERSION = YES;
				CLANG_WARN_INFINITE_RECURSION = YES;
				CLANG_WARN_INT_CONVERSION = YES;
				CLANG_WARN_NON_LITERAL_NULL_CONVERSION = YES;
				CLANG_WARN_OBJC_IMPLICIT_RETAIN_SELF = YES;
				CLANG_WARN_OBJC_LITERAL_CONVERSION = YES;
				CLANG_WARN_OBJC_ROOT_CLASS = YES_ERROR;
				CLANG_WARN_QUOTED_INCLUDE_IN_FRAMEWORK_HEADER = YES;
				CLANG_WARN_RANGE_LOOP_ANALYSIS = YES;
				CLANG_WARN_STRICT_PROTOTYPES = YES;
				CLANG_WARN_SUSPICIOUS_MOVE = YES;
				CLANG_WARN_UNGUARDED_AVAILABILITY = YES_AGGRESSIVE;
				CLANG_WARN_UNREACHABLE_CODE = YES;
				CLANG_WARN__DUPLICATE_METHOD_MATCH = YES;
				COPY_PHASE_STRIP = NO;
				DEBUG_INFORMATION_FORMAT = "dwarf-with-dsym";
				ENABLE_NS_ASSERTIONS = NO;
				ENABLE_STRICT_OBJC_MSGSEND = YES;
				ENABLE_USER_SCRIPT_SANDBOXING = YES;
				GCC_C_LANGUAGE_STANDARD = gnu17;
				GCC_NO_COMMON_BLOCKS = YES;
				GCC_WARN_64_TO_32_BIT_CONVERSION = YES;
				GCC_WARN_ABOUT_RETURN_TYPE = YES_ERROR;
				GCC_WARN_UNDECLARED_SELECTOR = YES;
				GCC_WARN_UNINITIALIZED_AUTOS = YES_AGGRESSIVE;
				GCC_WARN_UNUSED_FUNCTION = YES;
				GCC_WARN_UNUSED_VARIABLE = YES;
				IPHONEOS_DEPLOYMENT_TARGET = 18.1;
				LOCALIZATION_PREFERS_STRING_CATALOGS = YES;
				MTL_ENABLE_DEBUG_INFO = NO;
				MTL_FAST_MATH = YES;
				SDKROOT = iphoneos;
				SWIFT_COMPILATION_MODE = wholemodule;
				VALIDATE_PRODUCT = YES;
			};
			name = Release;
		};
		B446879D2CE9B5E3009F3964 /* Debug */ = {
			isa = XCBuildConfiguration;
			baseConfigurationReference = 8D46C54B6647499F9775FF4A /* Pods-MyContactsTests.debug.xcconfig */;
			buildSettings = {
				BUNDLE_LOADER = "$(TEST_HOST)";
				CODE_SIGN_STYLE = Automatic;
				CURRENT_PROJECT_VERSION = 1;
				GENERATE_INFOPLIST_FILE = YES;
				IPHONEOS_DEPLOYMENT_TARGET = 18.1;
				MARKETING_VERSION = 1.0;
				PRODUCT_BUNDLE_IDENTIFIER = mantosh.MyContactsTests;
				PRODUCT_NAME = "$(TARGET_NAME)";
				SWIFT_EMIT_LOC_STRINGS = NO;
				SWIFT_VERSION = 5.0;
				TARGETED_DEVICE_FAMILY = "1,2";
				TEST_HOST = "$(BUILT_PRODUCTS_DIR)/MyContacts.app/$(BUNDLE_EXECUTABLE_FOLDER_PATH)/MyContacts";
			};
			name = Debug;
		};
		B446879E2CE9B5E3009F3964 /* Release */ = {
			isa = XCBuildConfiguration;
			baseConfigurationReference = 204A68C4F3CCB8B6BD09D140 /* Pods-MyContactsTests.release.xcconfig */;
			buildSettings = {
				BUNDLE_LOADER = "$(TEST_HOST)";
				CODE_SIGN_STYLE = Automatic;
				CURRENT_PROJECT_VERSION = 1;
				GENERATE_INFOPLIST_FILE = YES;
				IPHONEOS_DEPLOYMENT_TARGET = 18.1;
				MARKETING_VERSION = 1.0;
				PRODUCT_BUNDLE_IDENTIFIER = mantosh.MyContactsTests;
				PRODUCT_NAME = "$(TARGET_NAME)";
				SWIFT_EMIT_LOC_STRINGS = NO;
				SWIFT_VERSION = 5.0;
				TARGETED_DEVICE_FAMILY = "1,2";
				TEST_HOST = "$(BUILT_PRODUCTS_DIR)/MyContacts.app/$(BUNDLE_EXECUTABLE_FOLDER_PATH)/MyContacts";
			};
			name = Release;
		};
		B44687A02CE9B5E3009F3964 /* Debug */ = {
			isa = XCBuildConfiguration;
			baseConfigurationReference = 6317862AA2F4DE02F1DBE782 /* Pods-MyContacts-MyContactsUITests.debug.xcconfig */;
			buildSettings = {
				CODE_SIGN_STYLE = Automatic;
				CURRENT_PROJECT_VERSION = 1;
				GENERATE_INFOPLIST_FILE = YES;
				MARKETING_VERSION = 1.0;
				PRODUCT_BUNDLE_IDENTIFIER = mantosh.MyContactsUITests;
				PRODUCT_NAME = "$(TARGET_NAME)";
				SWIFT_EMIT_LOC_STRINGS = NO;
				SWIFT_VERSION = 5.0;
				TARGETED_DEVICE_FAMILY = "1,2";
				TEST_TARGET_NAME = MyContacts;
			};
			name = Debug;
		};
		B44687A12CE9B5E3009F3964 /* Release */ = {
			isa = XCBuildConfiguration;
			baseConfigurationReference = 02E6BAEA352CF538DC65CC15 /* Pods-MyContacts-MyContactsUITests.release.xcconfig */;
			buildSettings = {
				CODE_SIGN_STYLE = Automatic;
				CURRENT_PROJECT_VERSION = 1;
				GENERATE_INFOPLIST_FILE = YES;
				MARKETING_VERSION = 1.0;
				PRODUCT_BUNDLE_IDENTIFIER = mantosh.MyContactsUITests;
				PRODUCT_NAME = "$(TARGET_NAME)";
				SWIFT_EMIT_LOC_STRINGS = NO;
				SWIFT_VERSION = 5.0;
				TARGETED_DEVICE_FAMILY = "1,2";
				TEST_TARGET_NAME = MyContacts;
			};
			name = Release;
		};
/* End XCBuildConfiguration section */

/* Begin XCConfigurationList section */
		B44687692CE9B5E1009F3964 /* Build configuration list for PBXProject "MyContacts" */ = {
			isa = XCConfigurationList;
			buildConfigurations = (
				B446879A2CE9B5E3009F3964 /* Debug */,
				B446879B2CE9B5E3009F3964 /* Release */,
			);
			defaultConfigurationIsVisible = 0;
			defaultConfigurationName = Release;
		};
		B44687972CE9B5E3009F3964 /* Build configuration list for PBXNativeTarget "MyContacts" */ = {
			isa = XCConfigurationList;
			buildConfigurations = (
				B44687982CE9B5E3009F3964 /* Debug */,
				B44687992CE9B5E3009F3964 /* Release */,
			);
			defaultConfigurationIsVisible = 0;
			defaultConfigurationName = Release;
		};
		B446879C2CE9B5E3009F3964 /* Build configuration list for PBXNativeTarget "MyContactsTests" */ = {
			isa = XCConfigurationList;
			buildConfigurations = (
				B446879D2CE9B5E3009F3964 /* Debug */,
				B446879E2CE9B5E3009F3964 /* Release */,
			);
			defaultConfigurationIsVisible = 0;
			defaultConfigurationName = Release;
		};
		B446879F2CE9B5E3009F3964 /* Build configuration list for PBXNativeTarget "MyContactsUITests" */ = {
			isa = XCConfigurationList;
			buildConfigurations = (
				B44687A02CE9B5E3009F3964 /* Debug */,
				B44687A12CE9B5E3009F3964 /* Release */,
			);
			defaultConfigurationIsVisible = 0;
			defaultConfigurationName = Release;
		};
/* End XCConfigurationList section */
	};
	rootObject = B44687662CE9B5E1009F3964 /* Project object */;
}
